
Microsoft Visual Studio Solution File, Format Version 12.00
# Visual Studio Version 16
VisualStudioVersion = 16.0.31424.327
MinimumVisualStudioVersion = 10.0.40219.1
Project("{FAE04EC0-301F-11D3-BF4B-00C04F79EFBC}") = "e-commerceAPI", "e-commerceAPI\e-commerceAPI.csproj", "{F61E7DBA-4F5E-4F16-86EF-09DCCEA9B8D5}"
EndProject
Project("{FAE04EC0-301F-11D3-BF4B-00C04F79EFBC}") = "DataService", "DataService\DataService.csproj", "{26AC6751-3C74-494B-B6B8-DAAA108568AF}"
EndProject
Global
	GlobalSection(SolutionConfigurationPlatforms) = preSolution
		Debug|Any CPU = Debug|Any CPU
		Release|Any CPU = Release|Any CPU
	EndGlobalSection
	GlobalSection(ProjectConfigurationPlatforms) = postSolution
		{F61E7DBA-4F5E-4F16-86EF-09DCCEA9B8D5}.Debug|Any CPU.ActiveCfg = Debug|Any CPU
		{F61E7DBA-4F5E-4F16-86EF-09DCCEA9B8D5}.Debug|Any CPU.Build.0 = Debug|Any CPU
		{F61E7DBA-4F5E-4F16-86EF-09DCCEA9B8D5}.Release|Any CPU.ActiveCfg = Release|Any CPU
		{F61E7DBA-4F5E-4F16-86EF-09DCCEA9B8D5}.Release|Any CPU.Build.0 = Release|Any CPU
		{26AC6751-3C74-494B-B6B8-DAAA108568AF}.Debug|Any CPU.ActiveCfg = Debug|Any CPU
		{26AC6751-3C74-494B-B6B8-DAAA108568AF}.Debug|Any CPU.Build.0 = Debug|Any CPU
		{26AC6751-3C74-494B-B6B8-DAAA108568AF}.Release|Any CPU.ActiveCfg = Release|Any CPU
		{26AC6751-3C74-494B-B6B8-DAAA108568AF}.Release|Any CPU.Build.0 = Release|Any CPU
	EndGlobalSection
	GlobalSection(SolutionProperties) = preSolution
		HideSolutionNode = FALSE
	EndGlobalSection
	GlobalSection(ExtensibilityGlobals) = postSolution
		SolutionGuid = {36C8AC11-B1E0-47FE-A5C1-F2FDC00DCBE2}
	EndGlobalSection
EndGlobal
